
Microsoft Visual Studio Solution File, Format Version 12.00
# Visual Studio Version 16
VisualStudioVersion = 16.0.30517.126
MinimumVisualStudioVersion = 10.0.40219.1
Project("{8BC9CEB8-8B4A-11D0-8D11-00A0C91BC942}") = "WizardGame", "WizardGame\WizardGame.vcxproj", "{A5FFB1D4-012C-49A6-88AD-839D7B259D0B}"
EndProject
Project("{2150E333-8FDC-42A3-9474-1A3956D46DE8}") = "Solution Items", "Solution Items", "{3637C84F-17BA-451C-81E3-1DF4E9E087C2}"
	ProjectSection(SolutionItems) = preProject
		..\..\..\OneDrive\Desktop\Credits.txt = ..\..\..\OneDrive\Desktop\Credits.txt
		..\..\..\OneDrive\Desktop\HelpAndCredits.txt = ..\..\..\OneDrive\Desktop\HelpAndCredits.txt
	EndProjectSection
EndProject
Global
	GlobalSection(SolutionConfigurationPlatforms) = preSolution
		Debug|x64 = Debug|x64
		Debug|x86 = Debug|x86
		Release|x64 = Release|x64
		Release|x86 = Release|x86
	EndGlobalSection
	GlobalSection(ProjectConfigurationPlatforms) = postSolution
		{A5FFB1D4-012C-49A6-88AD-839D7B259D0B}.Debug|x64.ActiveCfg = Debug|x64
		{A5FFB1D4-012C-49A6-88AD-839D7B259D0B}.Debug|x64.Build.0 = Debug|x64
		{A5FFB1D4-012C-49A6-88AD-839D7B259D0B}.Debug|x86.ActiveCfg = Debug|Win32
		{A5FFB1D4-012C-49A6-88AD-839D7B259D0B}.Debug|x86.Build.0 = Debug|Win32
		{A5FFB1D4-012C-49A6-88AD-839D7B259D0B}.Release|x64.ActiveCfg = Release|x64
		{A5FFB1D4-012C-49A6-88AD-839D7B259D0B}.Release|x64.Build.0 = Release|x64
		{A5FFB1D4-012C-49A6-88AD-839D7B259D0B}.Release|x86.ActiveCfg = Release|Win32
		{A5FFB1D4-012C-49A6-88AD-839D7B259D0B}.Release|x86.Build.0 = Release|Win32
	EndGlobalSection
	GlobalSection(SolutionProperties) = preSolution
		HideSolutionNode = FALSE
	EndGlobalSection
	GlobalSection(ExtensibilityGlobals) = postSolution
		SolutionGuid = {A57376D2-D8E4-4E3F-B698-1E98466A8DDF}
	EndGlobalSection
EndGlobal
